
Microsoft Visual Studio Solution File, Format Version 12.00
# Visual Studio Version 17
VisualStudioVersion = 17.5.33502.453
MinimumVisualStudioVersion = 10.0.40219.1
Project("{FAE04EC0-301F-11D3-BF4B-00C04F79EFBC}") = "To do list", "To do list\To do list.csproj", "{17BC47B2-0A9F-484E-8D8E-0A0C429E62DC}"
EndProject
Global
	GlobalSection(SolutionConfigurationPlatforms) = preSolution
		Debug|Any CPU = Debug|Any CPU
		Release|Any CPU = Release|Any CPU
	EndGlobalSection
	GlobalSection(ProjectConfigurationPlatforms) = postSolution
		{17BC47B2-0A9F-484E-8D8E-0A0C429E62DC}.Debug|Any CPU.ActiveCfg = Debug|Any CPU
		{17BC47B2-0A9F-484E-8D8E-0A0C429E62DC}.Debug|Any CPU.Build.0 = Debug|Any CPU
		{17BC47B2-0A9F-484E-8D8E-0A0C429E62DC}.Release|Any CPU.ActiveCfg = Release|Any CPU
		{17BC47B2-0A9F-484E-8D8E-0A0C429E62DC}.Release|Any CPU.Build.0 = Release|Any CPU
	EndGlobalSection
	GlobalSection(SolutionProperties) = preSolution
		HideSolutionNode = FALSE
	EndGlobalSection
	GlobalSection(ExtensibilityGlobals) = postSolution
		SolutionGuid = {F0C5DF05-E0FA-4A63-8DEB-11177BFAB425}
	EndGlobalSection
EndGlobal
